
Microsoft Visual Studio Solution File, Format Version 12.00
# Visual Studio 2012
Project("{FAE04EC0-301F-11D3-BF4B-00C04F79EFBC}") = "BlogFun", "BlogFun\BlogFun.csproj", "{75DB963B-9979-4111-AF42-8DCF42F9EF94}"
EndProject
Project("{FAE04EC0-301F-11D3-BF4B-00C04F79EFBC}") = "WPToolSet.Entity", "WPToolSet.Entity\WPToolSet.Entity.csproj", "{B9302AA4-789B-42AC-AD05-0DB6DD52535E}"
EndProject
Project("{FAE04EC0-301F-11D3-BF4B-00C04F79EFBC}") = "WPToolSet.Service", "WPToolSet.Service\WPToolSet.Service.csproj", "{84A306C7-23A7-44AE-82C2-CEDE327787DA}"
EndProject
Project("{FAE04EC0-301F-11D3-BF4B-00C04F79EFBC}") = "Log", "Log\Log.csproj", "{4C282FBD-CF42-4DF0-8793-5FDE2C5EA828}"
EndProject
Global
	GlobalSection(SolutionConfigurationPlatforms) = preSolution
		Debug|Any CPU = Debug|Any CPU
		Release|Any CPU = Release|Any CPU
	EndGlobalSection
	GlobalSection(ProjectConfigurationPlatforms) = postSolution
		{75DB963B-9979-4111-AF42-8DCF42F9EF94}.Debug|Any CPU.ActiveCfg = Debug|Any CPU
		{75DB963B-9979-4111-AF42-8DCF42F9EF94}.Debug|Any CPU.Build.0 = Debug|Any CPU
		{75DB963B-9979-4111-AF42-8DCF42F9EF94}.Release|Any CPU.ActiveCfg = Release|Any CPU
		{75DB963B-9979-4111-AF42-8DCF42F9EF94}.Release|Any CPU.Build.0 = Release|Any CPU
		{B9302AA4-789B-42AC-AD05-0DB6DD52535E}.Debug|Any CPU.ActiveCfg = Debug|Any CPU
		{B9302AA4-789B-42AC-AD05-0DB6DD52535E}.Debug|Any CPU.Build.0 = Debug|Any CPU
		{B9302AA4-789B-42AC-AD05-0DB6DD52535E}.Release|Any CPU.ActiveCfg = Release|Any CPU
		{B9302AA4-789B-42AC-AD05-0DB6DD52535E}.Release|Any CPU.Build.0 = Release|Any CPU
		{84A306C7-23A7-44AE-82C2-CEDE327787DA}.Debug|Any CPU.ActiveCfg = Debug|Any CPU
		{84A306C7-23A7-44AE-82C2-CEDE327787DA}.Debug|Any CPU.Build.0 = Debug|Any CPU
		{84A306C7-23A7-44AE-82C2-CEDE327787DA}.Release|Any CPU.ActiveCfg = Release|Any CPU
		{84A306C7-23A7-44AE-82C2-CEDE327787DA}.Release|Any CPU.Build.0 = Release|Any CPU
		{4C282FBD-CF42-4DF0-8793-5FDE2C5EA828}.Debug|Any CPU.ActiveCfg = Debug|Any CPU
		{4C282FBD-CF42-4DF0-8793-5FDE2C5EA828}.Debug|Any CPU.Build.0 = Debug|Any CPU
		{4C282FBD-CF42-4DF0-8793-5FDE2C5EA828}.Release|Any CPU.ActiveCfg = Release|Any CPU
		{4C282FBD-CF42-4DF0-8793-5FDE2C5EA828}.Release|Any CPU.Build.0 = Release|Any CPU
	EndGlobalSection
	GlobalSection(SolutionProperties) = preSolution
		HideSolutionNode = FALSE
	EndGlobalSection
EndGlobal
